// !$*UTF8*$!
{
	archiveVersion = 1;
	classes = {
	};
	objectVersion = 56;
	objects = {

/* Begin PBXBuildFile section */
		2EBF7F881A577AD11745353A /* Pods_Example.framework in Frameworks */ = {isa = PBXBuildFile; fileRef = 29817E14CAD67DE24325811E /* Pods_Example.framework */; };
		C31458D6BA3CCA43BFB245B4 /* Pods_CoreExtension.framework in Frameworks */ = {isa = PBXBuildFile; fileRef = B84F06BCD232889B13AB5F71 /* Pods_CoreExtension.framework */; };
		E04A11D329647E55002534A7 /* Podfile in Resources */ = {isa = PBXBuildFile; fileRef = E04A11D229647E55002534A7 /* Podfile */; };
		E04A11D729648033002534A7 /* SharedSequence+Ex.swift in Sources */ = {isa = PBXBuildFile; fileRef = E04A11D529648033002534A7 /* SharedSequence+Ex.swift */; };
		E04A11D829648033002534A7 /* Observable+Ex.swift in Sources */ = {isa = PBXBuildFile; fileRef = E04A11D629648033002534A7 /* Observable+Ex.swift */; };
		E09CF1C62950B8A500E84F44 /* Dispatch+Ex.swift in Sources */ = {isa = PBXBuildFile; fileRef = E09CF1C52950B8A500E84F44 /* Dispatch+Ex.swift */; };
		E09F235A29634326002ECF4A /* With.swift in Sources */ = {isa = PBXBuildFile; fileRef = E09F235929634326002ECF4A /* With.swift */; };
		E0CCAE6829367D6000DD3D99 /* CoreExtension.framework in Frameworks */ = {isa = PBXBuildFile; fileRef = E0F379DA2902133700240A50 /* CoreExtension.framework */; };
		E0CCAE6929367D6000DD3D99 /* CoreExtension.framework in Embed Frameworks */ = {isa = PBXBuildFile; fileRef = E0F379DA2902133700240A50 /* CoreExtension.framework */; settings = {ATTRIBUTES = (CodeSignOnCopy, RemoveHeadersOnCopy, ); }; };
		E0CCAE7F29367E8300DD3D99 /* UIApplication+Extension.swift in Sources */ = {isa = PBXBuildFile; fileRef = E0CCAE6E29367E8300DD3D99 /* UIApplication+Extension.swift */; };
		E0CCAE8029367E8300DD3D99 /* UIDevice+Extension.swift in Sources */ = {isa = PBXBuildFile; fileRef = E0CCAE6F29367E8300DD3D99 /* UIDevice+Extension.swift */; };
		E0CCAE8129367E8300DD3D99 /* UINavigation+Extension.swift in Sources */ = {isa = PBXBuildFile; fileRef = E0CCAE7029367E8300DD3D99 /* UINavigation+Extension.swift */; };
		E0CCAE8229367E8300DD3D99 /* UIColor+Extension.swift in Sources */ = {isa = PBXBuildFile; fileRef = E0CCAE7129367E8300DD3D99 /* UIColor+Extension.swift */; };
		E0CCAE8329367E8300DD3D99 /* UIView+Extension.swift in Sources */ = {isa = PBXBuildFile; fileRef = E0CCAE7229367E8300DD3D99 /* UIView+Extension.swift */; };
		E0CCAE8429367E8300DD3D99 /* UIViewController+Extension.swift in Sources */ = {isa = PBXBuildFile; fileRef = E0CCAE7329367E8300DD3D99 /* UIViewController+Extension.swift */; };
		E0CCAE8529367E8300DD3D99 /* UIStoryBoard+Extension.swift in Sources */ = {isa = PBXBuildFile; fileRef = E0CCAE7429367E8300DD3D99 /* UIStoryBoard+Extension.swift */; };
		E0CCAE8629367E8300DD3D99 /* UICollectionView+Extension.swift in Sources */ = {isa = PBXBuildFile; fileRef = E0CCAE7529367E8300DD3D99 /* UICollectionView+Extension.swift */; };
		E0CCAE8729367E8300DD3D99 /* CGFloat+Extension.swift in Sources */ = {isa = PBXBuildFile; fileRef = E0CCAE7629367E8300DD3D99 /* CGFloat+Extension.swift */; };
		E0CCAE8829367E8300DD3D99 /* UITableView+Extension.swift in Sources */ = {isa = PBXBuildFile; fileRef = E0CCAE7729367E8300DD3D99 /* UITableView+Extension.swift */; };
		E0CCAE8929367E8300DD3D99 /* Date+Extension.swift in Sources */ = {isa = PBXBuildFile; fileRef = E0CCAE7929367E8300DD3D99 /* Date+Extension.swift */; };
		E0CCAE8A29367E8300DD3D99 /* Collection+Extension.swift in Sources */ = {isa = PBXBuildFile; fileRef = E0CCAE7A29367E8300DD3D99 /* Collection+Extension.swift */; };
		E0CCAE8B29367E8300DD3D99 /* DispatchQueue+Extension.swift in Sources */ = {isa = PBXBuildFile; fileRef = E0CCAE7B29367E8300DD3D99 /* DispatchQueue+Extension.swift */; };
		E0CCAE8C29367E8300DD3D99 /* Numberic+Extension.swift in Sources */ = {isa = PBXBuildFile; fileRef = E0CCAE7C29367E8300DD3D99 /* Numberic+Extension.swift */; };
		E0CCAE8D29367E8300DD3D99 /* String+Extension.swift in Sources */ = {isa = PBXBuildFile; fileRef = E0CCAE7D29367E8300DD3D99 /* String+Extension.swift */; };
		E0CCAE8E29367E8300DD3D99 /* Data+Extension.swift in Sources */ = {isa = PBXBuildFile; fileRef = E0CCAE7E29367E8300DD3D99 /* Data+Extension.swift */; };
		E0F379E52902133700240A50 /* CoreExtension.framework in Frameworks */ = {isa = PBXBuildFile; fileRef = E0F379DA2902133700240A50 /* CoreExtension.framework */; };
		E0F379EA2902133700240A50 /* CoreExtensionTests.swift in Sources */ = {isa = PBXBuildFile; fileRef = E0F379E92902133700240A50 /* CoreExtensionTests.swift */; };
		E0F379FE29021D5000240A50 /* AppDelegate.swift in Sources */ = {isa = PBXBuildFile; fileRef = E0F379FD29021D5000240A50 /* AppDelegate.swift */; };
		E0F37A0229021D5000240A50 /* ViewController.swift in Sources */ = {isa = PBXBuildFile; fileRef = E0F37A0129021D5000240A50 /* ViewController.swift */; };
		E0F37A0529021D5000240A50 /* Main.storyboard in Resources */ = {isa = PBXBuildFile; fileRef = E0F37A0329021D5000240A50 /* Main.storyboard */; };
		E0F37A0729021D5100240A50 /* Assets.xcassets in Resources */ = {isa = PBXBuildFile; fileRef = E0F37A0629021D5100240A50 /* Assets.xcassets */; };
		E0F37A0A29021D5100240A50 /* LaunchScreen.storyboard in Resources */ = {isa = PBXBuildFile; fileRef = E0F37A0829021D5100240A50 /* LaunchScreen.storyboard */; };
		E0F37A1029021E2C00240A50 /* Calculate.swift in Sources */ = {isa = PBXBuildFile; fileRef = E0F37A0F29021E2C00240A50 /* Calculate.swift */; };
		E0F37A1229021FA400240A50 /* CoreExtension.podspec in Resources */ = {isa = PBXBuildFile; fileRef = E0F37A1129021FA400240A50 /* CoreExtension.podspec */; };
		EAE629FDD0B68D6B78113AFA /* Pods_CoreExtension_CoreExtensionTests.framework in Frameworks */ = {isa = PBXBuildFile; fileRef = BA04908266E60FBDEC1724E1 /* Pods_CoreExtension_CoreExtensionTests.framework */; };
/* End PBXBuildFile section */

/* Begin PBXContainerItemProxy section */
		E0CCAE6A29367D6000DD3D99 /* PBXContainerItemProxy */ = {
			isa = PBXContainerItemProxy;
			containerPortal = E0F379D12902133600240A50 /* Project object */;
			proxyType = 1;
			remoteGlobalIDString = E0F379D92902133600240A50;
			remoteInfo = CoreExtension;
		};
		E0F379E62902133700240A50 /* PBXContainerItemProxy */ = {
			isa = PBXContainerItemProxy;
			containerPortal = E0F379D12902133600240A50 /* Project object */;
			proxyType = 1;
			remoteGlobalIDString = E0F379D92902133600240A50;
			remoteInfo = CoreExtension;
		};
/* End PBXContainerItemProxy section */

/* Begin PBXCopyFilesBuildPhase section */
		E0CCAE6C29367D6000DD3D99 /* Embed Frameworks */ = {
			isa = PBXCopyFilesBuildPhase;
			buildActionMask = 2147483647;
			dstPath = "";
			dstSubfolderSpec = 10;
			files = (
				E0CCAE6929367D6000DD3D99 /* CoreExtension.framework in Embed Frameworks */,
			);
			name = "Embed Frameworks";
			runOnlyForDeploymentPostprocessing = 0;
		};
/* End PBXCopyFilesBuildPhase section */

/* Begin PBXFileReference section */
		1C71A44DE8BB466F168F857B /* Pods-Example.debug.xcconfig */ = {isa = PBXFileReference; includeInIndex = 1; lastKnownFileType = text.xcconfig; name = "Pods-Example.debug.xcconfig"; path = "Target Support Files/Pods-Example/Pods-Example.debug.xcconfig"; sourceTree = "<group>"; };
		29817E14CAD67DE24325811E /* Pods_Example.framework */ = {isa = PBXFileReference; explicitFileType = wrapper.framework; includeInIndex = 0; path = Pods_Example.framework; sourceTree = BUILT_PRODUCTS_DIR; };
		63995D823FB09787CAB27D0C /* Pods-CoreExtension.debug.xcconfig */ = {isa = PBXFileReference; includeInIndex = 1; lastKnownFileType = text.xcconfig; name = "Pods-CoreExtension.debug.xcconfig"; path = "Target Support Files/Pods-CoreExtension/Pods-CoreExtension.debug.xcconfig"; sourceTree = "<group>"; };
		794D2B3AD0B4DABAF1EED9BE /* Pods-CoreExtension.release.xcconfig */ = {isa = PBXFileReference; includeInIndex = 1; lastKnownFileType = text.xcconfig; name = "Pods-CoreExtension.release.xcconfig"; path = "Target Support Files/Pods-CoreExtension/Pods-CoreExtension.release.xcconfig"; sourceTree = "<group>"; };
		987B627301BB68ABFC1669D0 /* Pods-CoreExtension-CoreExtensionTests.debug.xcconfig */ = {isa = PBXFileReference; includeInIndex = 1; lastKnownFileType = text.xcconfig; name = "Pods-CoreExtension-CoreExtensionTests.debug.xcconfig"; path = "Target Support Files/Pods-CoreExtension-CoreExtensionTests/Pods-CoreExtension-CoreExtensionTests.debug.xcconfig"; sourceTree = "<group>"; };
		B84F06BCD232889B13AB5F71 /* Pods_CoreExtension.framework */ = {isa = PBXFileReference; explicitFileType = wrapper.framework; includeInIndex = 0; path = Pods_CoreExtension.framework; sourceTree = BUILT_PRODUCTS_DIR; };
		BA04908266E60FBDEC1724E1 /* Pods_CoreExtension_CoreExtensionTests.framework */ = {isa = PBXFileReference; explicitFileType = wrapper.framework; includeInIndex = 0; path = Pods_CoreExtension_CoreExtensionTests.framework; sourceTree = BUILT_PRODUCTS_DIR; };
		E04A11D229647E55002534A7 /* Podfile */ = {isa = PBXFileReference; explicitFileType = text.script.ruby; path = Podfile; sourceTree = "<group>"; };
		E04A11D529648033002534A7 /* SharedSequence+Ex.swift */ = {isa = PBXFileReference; fileEncoding = 4; lastKnownFileType = sourcecode.swift; path = "SharedSequence+Ex.swift"; sourceTree = "<group>"; };
		E04A11D629648033002534A7 /* Observable+Ex.swift */ = {isa = PBXFileReference; fileEncoding = 4; lastKnownFileType = sourcecode.swift; path = "Observable+Ex.swift"; sourceTree = "<group>"; };
		E09CF1C52950B8A500E84F44 /* Dispatch+Ex.swift */ = {isa = PBXFileReference; lastKnownFileType = sourcecode.swift; path = "Dispatch+Ex.swift"; sourceTree = "<group>"; };
		E09F235929634326002ECF4A /* With.swift */ = {isa = PBXFileReference; lastKnownFileType = sourcecode.swift; path = With.swift; sourceTree = "<group>"; };
		E0CCAE6E29367E8300DD3D99 /* UIApplication+Extension.swift */ = {isa = PBXFileReference; fileEncoding = 4; lastKnownFileType = sourcecode.swift; path = "UIApplication+Extension.swift"; sourceTree = "<group>"; };
		E0CCAE6F29367E8300DD3D99 /* UIDevice+Extension.swift */ = {isa = PBXFileReference; fileEncoding = 4; lastKnownFileType = sourcecode.swift; path = "UIDevice+Extension.swift"; sourceTree = "<group>"; };
		E0CCAE7029367E8300DD3D99 /* UINavigation+Extension.swift */ = {isa = PBXFileReference; fileEncoding = 4; lastKnownFileType = sourcecode.swift; path = "UINavigation+Extension.swift"; sourceTree = "<group>"; };
		E0CCAE7129367E8300DD3D99 /* UIColor+Extension.swift */ = {isa = PBXFileReference; fileEncoding = 4; lastKnownFileType = sourcecode.swift; path = "UIColor+Extension.swift"; sourceTree = "<group>"; };
		E0CCAE7229367E8300DD3D99 /* UIView+Extension.swift */ = {isa = PBXFileReference; fileEncoding = 4; lastKnownFileType = sourcecode.swift; path = "UIView+Extension.swift"; sourceTree = "<group>"; };
		E0CCAE7329367E8300DD3D99 /* UIViewController+Extension.swift */ = {isa = PBXFileReference; fileEncoding = 4; lastKnownFileType = sourcecode.swift; path = "UIViewController+Extension.swift"; sourceTree = "<group>"; };
		E0CCAE7429367E8300DD3D99 /* UIStoryBoard+Extension.swift */ = {isa = PBXFileReference; fileEncoding = 4; lastKnownFileType = sourcecode.swift; path = "UIStoryBoard+Extension.swift"; sourceTree = "<group>"; };
		E0CCAE7529367E8300DD3D99 /* UICollectionView+Extension.swift */ = {isa = PBXFileReference; fileEncoding = 4; lastKnownFileType = sourcecode.swift; path = "UICollectionView+Extension.swift"; sourceTree = "<group>"; };
		E0CCAE7629367E8300DD3D99 /* CGFloat+Extension.swift */ = {isa = PBXFileReference; fileEncoding = 4; lastKnownFileType = sourcecode.swift; path = "CGFloat+Extension.swift"; sourceTree = "<group>"; };
		E0CCAE7729367E8300DD3D99 /* UITableView+Extension.swift */ = {isa = PBXFileReference; fileEncoding = 4; lastKnownFileType = sourcecode.swift; path = "UITableView+Extension.swift"; sourceTree = "<group>"; };
		E0CCAE7929367E8300DD3D99 /* Date+Extension.swift */ = {isa = PBXFileReference; fileEncoding = 4; lastKnownFileType = sourcecode.swift; path = "Date+Extension.swift"; sourceTree = "<group>"; };
		E0CCAE7A29367E8300DD3D99 /* Collection+Extension.swift */ = {isa = PBXFileReference; fileEncoding = 4; lastKnownFileType = sourcecode.swift; path = "Collection+Extension.swift"; sourceTree = "<group>"; };
		E0CCAE7B29367E8300DD3D99 /* DispatchQueue+Extension.swift */ = {isa = PBXFileReference; fileEncoding = 4; lastKnownFileType = sourcecode.swift; path = "DispatchQueue+Extension.swift"; sourceTree = "<group>"; };
		E0CCAE7C29367E8300DD3D99 /* Numberic+Extension.swift */ = {isa = PBXFileReference; fileEncoding = 4; lastKnownFileType = sourcecode.swift; path = "Numberic+Extension.swift"; sourceTree = "<group>"; };
		E0CCAE7D29367E8300DD3D99 /* String+Extension.swift */ = {isa = PBXFileReference; fileEncoding = 4; lastKnownFileType = sourcecode.swift; path = "String+Extension.swift"; sourceTree = "<group>"; };
		E0CCAE7E29367E8300DD3D99 /* Data+Extension.swift */ = {isa = PBXFileReference; fileEncoding = 4; lastKnownFileType = sourcecode.swift; path = "Data+Extension.swift"; sourceTree = "<group>"; };
		E0CCAE8F29367F8700DD3D99 /* .gitignore */ = {isa = PBXFileReference; fileEncoding = 4; lastKnownFileType = text; path = .gitignore; sourceTree = "<group>"; };
		E0CCAE9029367F8700DD3D99 /* swiftgen.yml */ = {isa = PBXFileReference; fileEncoding = 4; lastKnownFileType = text.yaml; path = swiftgen.yml; sourceTree = "<group>"; };
		E0CCAE9129367F8700DD3D99 /* .bartycrouch.toml */ = {isa = PBXFileReference; fileEncoding = 4; lastKnownFileType = text; path = .bartycrouch.toml; sourceTree = "<group>"; };
		E0CCAE9229367F8700DD3D99 /* .swiftlint.yml */ = {isa = PBXFileReference; fileEncoding = 4; lastKnownFileType = text.yaml; path = .swiftlint.yml; sourceTree = "<group>"; };
		E0F379DA2902133700240A50 /* CoreExtension.framework */ = {isa = PBXFileReference; explicitFileType = wrapper.framework; includeInIndex = 0; path = CoreExtension.framework; sourceTree = BUILT_PRODUCTS_DIR; };
		E0F379E42902133700240A50 /* CoreExtensionTests.xctest */ = {isa = PBXFileReference; explicitFileType = wrapper.cfbundle; includeInIndex = 0; path = CoreExtensionTests.xctest; sourceTree = BUILT_PRODUCTS_DIR; };
		E0F379E92902133700240A50 /* CoreExtensionTests.swift */ = {isa = PBXFileReference; lastKnownFileType = sourcecode.swift; path = CoreExtensionTests.swift; sourceTree = "<group>"; };
		E0F379FB29021D5000240A50 /* Example.app */ = {isa = PBXFileReference; explicitFileType = wrapper.application; includeInIndex = 0; path = Example.app; sourceTree = BUILT_PRODUCTS_DIR; };
		E0F379FD29021D5000240A50 /* AppDelegate.swift */ = {isa = PBXFileReference; lastKnownFileType = sourcecode.swift; path = AppDelegate.swift; sourceTree = "<group>"; };
		E0F37A0129021D5000240A50 /* ViewController.swift */ = {isa = PBXFileReference; lastKnownFileType = sourcecode.swift; path = ViewController.swift; sourceTree = "<group>"; };
		E0F37A0429021D5000240A50 /* Base */ = {isa = PBXFileReference; lastKnownFileType = file.storyboard; name = Base; path = Base.lproj/Main.storyboard; sourceTree = "<group>"; };
		E0F37A0629021D5100240A50 /* Assets.xcassets */ = {isa = PBXFileReference; lastKnownFileType = folder.assetcatalog; path = Assets.xcassets; sourceTree = "<group>"; };
		E0F37A0929021D5100240A50 /* Base */ = {isa = PBXFileReference; lastKnownFileType = file.storyboard; name = Base; path = Base.lproj/LaunchScreen.storyboard; sourceTree = "<group>"; };
		E0F37A0B29021D5100240A50 /* Info.plist */ = {isa = PBXFileReference; lastKnownFileType = text.plist.xml; path = Info.plist; sourceTree = "<group>"; };
		E0F37A0F29021E2C00240A50 /* Calculate.swift */ = {isa = PBXFileReference; lastKnownFileType = sourcecode.swift; path = Calculate.swift; sourceTree = "<group>"; };
		E0F37A1129021FA400240A50 /* CoreExtension.podspec */ = {isa = PBXFileReference; lastKnownFileType = text; path = CoreExtension.podspec; sourceTree = SOURCE_ROOT; xcLanguageSpecificationIdentifier = xcode.lang.ruby; };
		FA24D77E1A85A6912CDD9DB7 /* Pods-Example.release.xcconfig */ = {isa = PBXFileReference; includeInIndex = 1; lastKnownFileType = text.xcconfig; name = "Pods-Example.release.xcconfig"; path = "Target Support Files/Pods-Example/Pods-Example.release.xcconfig"; sourceTree = "<group>"; };
		FB332BD2C54AC9EF0DF60C2A /* Pods-CoreExtension-CoreExtensionTests.release.xcconfig */ = {isa = PBXFileReference; includeInIndex = 1; lastKnownFileType = text.xcconfig; name = "Pods-CoreExtension-CoreExtensionTests.release.xcconfig"; path = "Target Support Files/Pods-CoreExtension-CoreExtensionTests/Pods-CoreExtension-CoreExtensionTests.release.xcconfig"; sourceTree = "<group>"; };
/* End PBXFileReference section */

/* Begin PBXFrameworksBuildPhase section */
		E0F379D72902133600240A50 /* Frameworks */ = {
			isa = PBXFrameworksBuildPhase;
			buildActionMask = 2147483647;
			files = (
				C31458D6BA3CCA43BFB245B4 /* Pods_CoreExtension.framework in Frameworks */,
			);
			runOnlyForDeploymentPostprocessing = 0;
		};
		E0F379E12902133700240A50 /* Frameworks */ = {
			isa = PBXFrameworksBuildPhase;
			buildActionMask = 2147483647;
			files = (
				E0F379E52902133700240A50 /* CoreExtension.framework in Frameworks */,
				EAE629FDD0B68D6B78113AFA /* Pods_CoreExtension_CoreExtensionTests.framework in Frameworks */,
			);
			runOnlyForDeploymentPostprocessing = 0;
		};
		E0F379F829021D5000240A50 /* Frameworks */ = {
			isa = PBXFrameworksBuildPhase;
			buildActionMask = 2147483647;
			files = (
				E0CCAE6829367D6000DD3D99 /* CoreExtension.framework in Frameworks */,
				2EBF7F881A577AD11745353A /* Pods_Example.framework in Frameworks */,
			);
			runOnlyForDeploymentPostprocessing = 0;
		};
/* End PBXFrameworksBuildPhase section */

/* Begin PBXGroup section */
		BDC2F45C77C64B77A93D774D /* Pods */ = {
			isa = PBXGroup;
			children = (
				63995D823FB09787CAB27D0C /* Pods-CoreExtension.debug.xcconfig */,
				794D2B3AD0B4DABAF1EED9BE /* Pods-CoreExtension.release.xcconfig */,
				987B627301BB68ABFC1669D0 /* Pods-CoreExtension-CoreExtensionTests.debug.xcconfig */,
				FB332BD2C54AC9EF0DF60C2A /* Pods-CoreExtension-CoreExtensionTests.release.xcconfig */,
				1C71A44DE8BB466F168F857B /* Pods-Example.debug.xcconfig */,
				FA24D77E1A85A6912CDD9DB7 /* Pods-Example.release.xcconfig */,
			);
			path = Pods;
			sourceTree = "<group>";
		};
		E04A11D429647FD4002534A7 /* RxSwift */ = {
			isa = PBXGroup;
			children = (
				E04A11D629648033002534A7 /* Observable+Ex.swift */,
				E04A11D529648033002534A7 /* SharedSequence+Ex.swift */,
			);
			path = RxSwift;
			sourceTree = "<group>";
		};
		E09CF1C42950B86E00E84F44 /* Ultility */ = {
			isa = PBXGroup;
			children = (
				E09CF1C52950B8A500E84F44 /* Dispatch+Ex.swift */,
				E09F235929634326002ECF4A /* With.swift */,
			);
			path = Ultility;
			sourceTree = "<group>";
		};
		E0CCAE6229367C4500DD3D99 /* Deployment */ = {
			isa = PBXGroup;
			children = (
				E0F37A1129021FA400240A50 /* CoreExtension.podspec */,
				E0CCAE9129367F8700DD3D99 /* .bartycrouch.toml */,
				E0CCAE8F29367F8700DD3D99 /* .gitignore */,
				E0CCAE9229367F8700DD3D99 /* .swiftlint.yml */,
				E0CCAE9029367F8700DD3D99 /* swiftgen.yml */,
				E04A11D229647E55002534A7 /* Podfile */,
			);
			name = Deployment;
			sourceTree = "<group>";
		};
		E0CCAE6529367D1900DD3D99 /* Sources */ = {
			isa = PBXGroup;
			children = (
				E04A11D429647FD4002534A7 /* RxSwift */,
				E09CF1C42950B86E00E84F44 /* Ultility */,
				E0CCAE7829367E8300DD3D99 /* Foundation */,
				E0CCAE6D29367E8300DD3D99 /* UIKit */,
				E0F37A0F29021E2C00240A50 /* Calculate.swift */,
			);
			path = Sources;
			sourceTree = "<group>";
		};
		E0CCAE6629367D2100DD3D99 /* Resources */ = {
			isa = PBXGroup;
			children = (
			);
			path = Resources;
			sourceTree = "<group>";
		};
		E0CCAE6729367D6000DD3D99 /* Frameworks */ = {
			isa = PBXGroup;
			children = (
				B84F06BCD232889B13AB5F71 /* Pods_CoreExtension.framework */,
				BA04908266E60FBDEC1724E1 /* Pods_CoreExtension_CoreExtensionTests.framework */,
				29817E14CAD67DE24325811E /* Pods_Example.framework */,
			);
			name = Frameworks;
			sourceTree = "<group>";
		};
		E0CCAE6D29367E8300DD3D99 /* UIKit */ = {
			isa = PBXGroup;
			children = (
				E0CCAE6E29367E8300DD3D99 /* UIApplication+Extension.swift */,
				E0CCAE6F29367E8300DD3D99 /* UIDevice+Extension.swift */,
				E0CCAE7029367E8300DD3D99 /* UINavigation+Extension.swift */,
				E0CCAE7129367E8300DD3D99 /* UIColor+Extension.swift */,
				E0CCAE7229367E8300DD3D99 /* UIView+Extension.swift */,
				E0CCAE7329367E8300DD3D99 /* UIViewController+Extension.swift */,
				E0CCAE7429367E8300DD3D99 /* UIStoryBoard+Extension.swift */,
				E0CCAE7529367E8300DD3D99 /* UICollectionView+Extension.swift */,
				E0CCAE7629367E8300DD3D99 /* CGFloat+Extension.swift */,
				E0CCAE7729367E8300DD3D99 /* UITableView+Extension.swift */,
			);
			path = UIKit;
			sourceTree = "<group>";
		};
		E0CCAE7829367E8300DD3D99 /* Foundation */ = {
			isa = PBXGroup;
			children = (
				E0CCAE7929367E8300DD3D99 /* Date+Extension.swift */,
				E0CCAE7A29367E8300DD3D99 /* Collection+Extension.swift */,
				E0CCAE7B29367E8300DD3D99 /* DispatchQueue+Extension.swift */,
				E0CCAE7C29367E8300DD3D99 /* Numberic+Extension.swift */,
				E0CCAE7D29367E8300DD3D99 /* String+Extension.swift */,
				E0CCAE7E29367E8300DD3D99 /* Data+Extension.swift */,
			);
			path = Foundation;
			sourceTree = "<group>";
		};
		E0F379D02902133600240A50 = {
			isa = PBXGroup;
			children = (
				E0CCAE6229367C4500DD3D99 /* Deployment */,
				E0CCAE6529367D1900DD3D99 /* Sources */,
				E0CCAE6629367D2100DD3D99 /* Resources */,
				E0F379FC29021D5000240A50 /* Example */,
				E0F379E82902133700240A50 /* Tests */,
				E0F379DB2902133700240A50 /* Products */,
				E0CCAE6729367D6000DD3D99 /* Frameworks */,
				BDC2F45C77C64B77A93D774D /* Pods */,
			);
			sourceTree = "<group>";
		};
		E0F379DB2902133700240A50 /* Products */ = {
			isa = PBXGroup;
			children = (
				E0F379DA2902133700240A50 /* CoreExtension.framework */,
				E0F379E42902133700240A50 /* CoreExtensionTests.xctest */,
				E0F379FB29021D5000240A50 /* Example.app */,
			);
			name = Products;
			sourceTree = "<group>";
		};
		E0F379E82902133700240A50 /* Tests */ = {
			isa = PBXGroup;
			children = (
				E0F379E92902133700240A50 /* CoreExtensionTests.swift */,
			);
			path = Tests;
			sourceTree = "<group>";
		};
		E0F379FC29021D5000240A50 /* Example */ = {
			isa = PBXGroup;
			children = (
				E0F379FD29021D5000240A50 /* AppDelegate.swift */,
				E0F37A0129021D5000240A50 /* ViewController.swift */,
				E0F37A0329021D5000240A50 /* Main.storyboard */,
				E0F37A0629021D5100240A50 /* Assets.xcassets */,
				E0F37A0829021D5100240A50 /* LaunchScreen.storyboard */,
				E0F37A0B29021D5100240A50 /* Info.plist */,
			);
			path = Example;
			sourceTree = "<group>";
		};
/* End PBXGroup section */

/* Begin PBXHeadersBuildPhase section */
		E0F379D52902133600240A50 /* Headers */ = {
			isa = PBXHeadersBuildPhase;
			buildActionMask = 2147483647;
			files = (
			);
			runOnlyForDeploymentPostprocessing = 0;
		};
/* End PBXHeadersBuildPhase section */

/* Begin PBXNativeTarget section */
		E0F379D92902133600240A50 /* CoreExtension */ = {
			isa = PBXNativeTarget;
			buildConfigurationList = E0F379EE2902133700240A50 /* Build configuration list for PBXNativeTarget "CoreExtension" */;
			buildPhases = (
				CC70D2472821010AEACC838E /* [CP] Check Pods Manifest.lock */,
				E0F379D52902133600240A50 /* Headers */,
				E0F379D62902133600240A50 /* Sources */,
				E0F379D72902133600240A50 /* Frameworks */,
				E0F379D82902133600240A50 /* Resources */,
			);
			buildRules = (
			);
			dependencies = (
			);
			name = CoreExtension;
			productName = CoreExtension;
			productReference = E0F379DA2902133700240A50 /* CoreExtension.framework */;
			productType = "com.apple.product-type.framework";
		};
		E0F379E32902133700240A50 /* CoreExtensionTests */ = {
			isa = PBXNativeTarget;
			buildConfigurationList = E0F379F12902133700240A50 /* Build configuration list for PBXNativeTarget "CoreExtensionTests" */;
			buildPhases = (
				0A7774EA573FF7EC86CCC861 /* [CP] Check Pods Manifest.lock */,
				E0F379E02902133700240A50 /* Sources */,
				E0F379E12902133700240A50 /* Frameworks */,
				E0F379E22902133700240A50 /* Resources */,
				8B57EC16B7D6C70B616295F9 /* [CP] Embed Pods Frameworks */,
			);
			buildRules = (
			);
			dependencies = (
				E0F379E72902133700240A50 /* PBXTargetDependency */,
			);
			name = CoreExtensionTests;
			productName = CoreExtensionTests;
			productReference = E0F379E42902133700240A50 /* CoreExtensionTests.xctest */;
			productType = "com.apple.product-type.bundle.unit-test";
		};
		E0F379FA29021D5000240A50 /* Example */ = {
			isa = PBXNativeTarget;
			buildConfigurationList = E0F37A0C29021D5100240A50 /* Build configuration list for PBXNativeTarget "Example" */;
			buildPhases = (
				AC53F62DEA7C5FADC6EF5BC9 /* [CP] Check Pods Manifest.lock */,
				E0F379F729021D5000240A50 /* Sources */,
				E0F379F829021D5000240A50 /* Frameworks */,
				E0F379F929021D5000240A50 /* Resources */,
				E0CCAE6C29367D6000DD3D99 /* Embed Frameworks */,
				DDC6FF383EBDBB7F3CA4E4CE /* [CP] Embed Pods Frameworks */,
			);
			buildRules = (
			);
			dependencies = (
				E0CCAE6B29367D6000DD3D99 /* PBXTargetDependency */,
			);
			name = Example;
			productName = Example;
			productReference = E0F379FB29021D5000240A50 /* Example.app */;
			productType = "com.apple.product-type.application";
		};
/* End PBXNativeTarget section */

/* Begin PBXProject section */
		E0F379D12902133600240A50 /* Project object */ = {
			isa = PBXProject;
			attributes = {
				BuildIndependentTargetsInParallel = 1;
				LastSwiftUpdateCheck = 1400;
				LastUpgradeCheck = 1400;
				TargetAttributes = {
					E0F379D92902133600240A50 = {
						CreatedOnToolsVersion = 14.0.1;
					};
					E0F379E32902133700240A50 = {
						CreatedOnToolsVersion = 14.0.1;
					};
					E0F379FA29021D5000240A50 = {
						CreatedOnToolsVersion = 14.0.1;
					};
				};
			};
			buildConfigurationList = E0F379D42902133600240A50 /* Build configuration list for PBXProject "CoreExtension" */;
			compatibilityVersion = "Xcode 14.0";
			developmentRegion = en;
			hasScannedForEncodings = 0;
			knownRegions = (
				en,
				Base,
			);
			mainGroup = E0F379D02902133600240A50;
			productRefGroup = E0F379DB2902133700240A50 /* Products */;
			projectDirPath = "";
			projectRoot = "";
			targets = (
				E0F379D92902133600240A50 /* CoreExtension */,
				E0F379E32902133700240A50 /* CoreExtensionTests */,
				E0F379FA29021D5000240A50 /* Example */,
			);
		};
/* End PBXProject section */

/* Begin PBXResourcesBuildPhase section */
		E0F379D82902133600240A50 /* Resources */ = {
			isa = PBXResourcesBuildPhase;
			buildActionMask = 2147483647;
			files = (
				E0F37A1229021FA400240A50 /* CoreExtension.podspec in Resources */,
				E04A11D329647E55002534A7 /* Podfile in Resources */,
			);
			runOnlyForDeploymentPostprocessing = 0;
		};
		E0F379E22902133700240A50 /* Resources */ = {
			isa = PBXResourcesBuildPhase;
			buildActionMask = 2147483647;
			files = (
			);
			runOnlyForDeploymentPostprocessing = 0;
		};
		E0F379F929021D5000240A50 /* Resources */ = {
			isa = PBXResourcesBuildPhase;
			buildActionMask = 2147483647;
			files = (
				E0F37A0A29021D5100240A50 /* LaunchScreen.storyboard in Resources */,
				E0F37A0729021D5100240A50 /* Assets.xcassets in Resources */,
				E0F37A0529021D5000240A50 /* Main.storyboard in Resources */,
			);
			runOnlyForDeploymentPostprocessing = 0;
		};
/* End PBXResourcesBuildPhase section */

/* Begin PBXShellScriptBuildPhase section */
		0A7774EA573FF7EC86CCC861 /* [CP] Check Pods Manifest.lock */ = {
			isa = PBXShellScriptBuildPhase;
			buildActionMask = 2147483647;
			files = (
			);
			inputFileListPaths = (
			);
			inputPaths = (
				"${PODS_PODFILE_DIR_PATH}/Podfile.lock",
				"${PODS_ROOT}/Manifest.lock",
			);
			name = "[CP] Check Pods Manifest.lock";
			outputFileListPaths = (
			);
			outputPaths = (
				"$(DERIVED_FILE_DIR)/Pods-CoreExtension-CoreExtensionTests-checkManifestLockResult.txt",
			);
			runOnlyForDeploymentPostprocessing = 0;
			shellPath = /bin/sh;
			shellScript = "diff \"${PODS_PODFILE_DIR_PATH}/Podfile.lock\" \"${PODS_ROOT}/Manifest.lock\" > /dev/null\nif [ $? != 0 ] ; then\n    # print error to STDERR\n    echo \"error: The sandbox is not in sync with the Podfile.lock. Run 'pod install' or update your CocoaPods installation.\" >&2\n    exit 1\nfi\n# This output is used by Xcode 'outputs' to avoid re-running this script phase.\necho \"SUCCESS\" > \"${SCRIPT_OUTPUT_FILE_0}\"\n";
			showEnvVarsInLog = 0;
		};
		8B57EC16B7D6C70B616295F9 /* [CP] Embed Pods Frameworks */ = {
			isa = PBXShellScriptBuildPhase;
			buildActionMask = 2147483647;
			files = (
			);
			inputFileListPaths = (
				"${PODS_ROOT}/Target Support Files/Pods-CoreExtension-CoreExtensionTests/Pods-CoreExtension-CoreExtensionTests-frameworks-${CONFIGURATION}-input-files.xcfilelist",
			);
			name = "[CP] Embed Pods Frameworks";
			outputFileListPaths = (
				"${PODS_ROOT}/Target Support Files/Pods-CoreExtension-CoreExtensionTests/Pods-CoreExtension-CoreExtensionTests-frameworks-${CONFIGURATION}-output-files.xcfilelist",
			);
			runOnlyForDeploymentPostprocessing = 0;
			shellPath = /bin/sh;
			shellScript = "\"${PODS_ROOT}/Target Support Files/Pods-CoreExtension-CoreExtensionTests/Pods-CoreExtension-CoreExtensionTests-frameworks.sh\"\n";
			showEnvVarsInLog = 0;
		};
		AC53F62DEA7C5FADC6EF5BC9 /* [CP] Check Pods Manifest.lock */ = {
			isa = PBXShellScriptBuildPhase;
			buildActionMask = 2147483647;
			files = (
			);
			inputFileListPaths = (
			);
			inputPaths = (
				"${PODS_PODFILE_DIR_PATH}/Podfile.lock",
				"${PODS_ROOT}/Manifest.lock",
			);
			name = "[CP] Check Pods Manifest.lock";
			outputFileListPaths = (
			);
			outputPaths = (
				"$(DERIVED_FILE_DIR)/Pods-Example-checkManifestLockResult.txt",
			);
			runOnlyForDeploymentPostprocessing = 0;
			shellPath = /bin/sh;
			shellScript = "diff \"${PODS_PODFILE_DIR_PATH}/Podfile.lock\" \"${PODS_ROOT}/Manifest.lock\" > /dev/null\nif [ $? != 0 ] ; then\n    # print error to STDERR\n    echo \"error: The sandbox is not in sync with the Podfile.lock. Run 'pod install' or update your CocoaPods installation.\" >&2\n    exit 1\nfi\n# This output is used by Xcode 'outputs' to avoid re-running this script phase.\necho \"SUCCESS\" > \"${SCRIPT_OUTPUT_FILE_0}\"\n";
			showEnvVarsInLog = 0;
		};
		CC70D2472821010AEACC838E /* [CP] Check Pods Manifest.lock */ = {
			isa = PBXShellScriptBuildPhase;
			buildActionMask = 2147483647;
			files = (
			);
			inputFileListPaths = (
			);
			inputPaths = (
				"${PODS_PODFILE_DIR_PATH}/Podfile.lock",
				"${PODS_ROOT}/Manifest.lock",
			);
			name = "[CP] Check Pods Manifest.lock";
			outputFileListPaths = (
			);
			outputPaths = (
				"$(DERIVED_FILE_DIR)/Pods-CoreExtension-checkManifestLockResult.txt",
			);
			runOnlyForDeploymentPostprocessing = 0;
			shellPath = /bin/sh;
			shellScript = "diff \"${PODS_PODFILE_DIR_PATH}/Podfile.lock\" \"${PODS_ROOT}/Manifest.lock\" > /dev/null\nif [ $? != 0 ] ; then\n    # print error to STDERR\n    echo \"error: The sandbox is not in sync with the Podfile.lock. Run 'pod install' or update your CocoaPods installation.\" >&2\n    exit 1\nfi\n# This output is used by Xcode 'outputs' to avoid re-running this script phase.\necho \"SUCCESS\" > \"${SCRIPT_OUTPUT_FILE_0}\"\n";
			showEnvVarsInLog = 0;
		};
		DDC6FF383EBDBB7F3CA4E4CE /* [CP] Embed Pods Frameworks */ = {
			isa = PBXShellScriptBuildPhase;
			buildActionMask = 2147483647;
			files = (
			);
			inputFileListPaths = (
				"${PODS_ROOT}/Target Support Files/Pods-Example/Pods-Example-frameworks-${CONFIGURATION}-input-files.xcfilelist",
			);
			name = "[CP] Embed Pods Frameworks";
			outputFileListPaths = (
				"${PODS_ROOT}/Target Support Files/Pods-Example/Pods-Example-frameworks-${CONFIGURATION}-output-files.xcfilelist",
			);
			runOnlyForDeploymentPostprocessing = 0;
			shellPath = /bin/sh;
			shellScript = "\"${PODS_ROOT}/Target Support Files/Pods-Example/Pods-Example-frameworks.sh\"\n";
			showEnvVarsInLog = 0;
		};
/* End PBXShellScriptBuildPhase section */

/* Begin PBXSourcesBuildPhase section */
		E0F379D62902133600240A50 /* Sources */ = {
			isa = PBXSourcesBuildPhase;
			buildActionMask = 2147483647;
			files = (
				E0CCAE8D29367E8300DD3D99 /* String+Extension.swift in Sources */,
				E0CCAE8E29367E8300DD3D99 /* Data+Extension.swift in Sources */,
				E0CCAE8829367E8300DD3D99 /* UITableView+Extension.swift in Sources */,
				E09F235A29634326002ECF4A /* With.swift in Sources */,
				E0CCAE8B29367E8300DD3D99 /* DispatchQueue+Extension.swift in Sources */,
				E0CCAE8629367E8300DD3D99 /* UICollectionView+Extension.swift in Sources */,
				E0CCAE8329367E8300DD3D99 /* UIView+Extension.swift in Sources */,
				E0CCAE8C29367E8300DD3D99 /* Numberic+Extension.swift in Sources */,
				E04A11D829648033002534A7 /* Observable+Ex.swift in Sources */,
				E0CCAE7F29367E8300DD3D99 /* UIApplication+Extension.swift in Sources */,
				E0CCAE8129367E8300DD3D99 /* UINavigation+Extension.swift in Sources */,
				E0CCAE8929367E8300DD3D99 /* Date+Extension.swift in Sources */,
				E0CCAE8729367E8300DD3D99 /* CGFloat+Extension.swift in Sources */,
				E0CCAE8029367E8300DD3D99 /* UIDevice+Extension.swift in Sources */,
				E0CCAE8A29367E8300DD3D99 /* Collection+Extension.swift in Sources */,
				E04A11D729648033002534A7 /* SharedSequence+Ex.swift in Sources */,
				E0CCAE8429367E8300DD3D99 /* UIViewController+Extension.swift in Sources */,
				E0F37A1029021E2C00240A50 /* Calculate.swift in Sources */,
				E0CCAE8529367E8300DD3D99 /* UIStoryBoard+Extension.swift in Sources */,
				E09CF1C62950B8A500E84F44 /* Dispatch+Ex.swift in Sources */,
				E0CCAE8229367E8300DD3D99 /* UIColor+Extension.swift in Sources */,
			);
			runOnlyForDeploymentPostprocessing = 0;
		};
		E0F379E02902133700240A50 /* Sources */ = {
			isa = PBXSourcesBuildPhase;
			buildActionMask = 2147483647;
			files = (
				E0F379EA2902133700240A50 /* CoreExtensionTests.swift in Sources */,
			);
			runOnlyForDeploymentPostprocessing = 0;
		};
		E0F379F729021D5000240A50 /* Sources */ = {
			isa = PBXSourcesBuildPhase;
			buildActionMask = 2147483647;
			files = (
				E0F37A0229021D5000240A50 /* ViewController.swift in Sources */,
				E0F379FE29021D5000240A50 /* AppDelegate.swift in Sources */,
			);
			runOnlyForDeploymentPostprocessing = 0;
		};
/* End PBXSourcesBuildPhase section */

/* Begin PBXTargetDependency section */
		E0CCAE6B29367D6000DD3D99 /* PBXTargetDependency */ = {
			isa = PBXTargetDependency;
			target = E0F379D92902133600240A50 /* CoreExtension */;
			targetProxy = E0CCAE6A29367D6000DD3D99 /* PBXContainerItemProxy */;
		};
		E0F379E72902133700240A50 /* PBXTargetDependency */ = {
			isa = PBXTargetDependency;
			target = E0F379D92902133600240A50 /* CoreExtension */;
			targetProxy = E0F379E62902133700240A50 /* PBXContainerItemProxy */;
		};
/* End PBXTargetDependency section */

/* Begin PBXVariantGroup section */
		E0F37A0329021D5000240A50 /* Main.storyboard */ = {
			isa = PBXVariantGroup;
			children = (
				E0F37A0429021D5000240A50 /* Base */,
			);
			name = Main.storyboard;
			sourceTree = "<group>";
		};
		E0F37A0829021D5100240A50 /* LaunchScreen.storyboard */ = {
			isa = PBXVariantGroup;
			children = (
				E0F37A0929021D5100240A50 /* Base */,
			);
			name = LaunchScreen.storyboard;
			sourceTree = "<group>";
		};
/* End PBXVariantGroup section */

/* Begin XCBuildConfiguration section */
		E0F379EC2902133700240A50 /* Debug */ = {
			isa = XCBuildConfiguration;
			buildSettings = {
				ALWAYS_SEARCH_USER_PATHS = NO;
				CLANG_ANALYZER_NONNULL = YES;
				CLANG_ANALYZER_NUMBER_OBJECT_CONVERSION = YES_AGGRESSIVE;
				CLANG_CXX_LANGUAGE_STANDARD = "gnu++20";
				CLANG_ENABLE_MODULES = YES;
				CLANG_ENABLE_OBJC_ARC = YES;
				CLANG_ENABLE_OBJC_WEAK = YES;
				CLANG_WARN_BLOCK_CAPTURE_AUTORELEASING = YES;
				CLANG_WARN_BOOL_CONVERSION = YES;
				CLANG_WARN_COMMA = YES;
				CLANG_WARN_CONSTANT_CONVERSION = YES;
				CLANG_WARN_DEPRECATED_OBJC_IMPLEMENTATIONS = YES;
				CLANG_WARN_DIRECT_OBJC_ISA_USAGE = YES_ERROR;
				CLANG_WARN_DOCUMENTATION_COMMENTS = YES;
				CLANG_WARN_EMPTY_BODY = YES;
				CLANG_WARN_ENUM_CONVERSION = YES;
				CLANG_WARN_INFINITE_RECURSION = YES;
				CLANG_WARN_INT_CONVERSION = YES;
				CLANG_WARN_NON_LITERAL_NULL_CONVERSION = YES;
				CLANG_WARN_OBJC_IMPLICIT_RETAIN_SELF = YES;
				CLANG_WARN_OBJC_LITERAL_CONVERSION = YES;
				CLANG_WARN_OBJC_ROOT_CLASS = YES_ERROR;
				CLANG_WARN_QUOTED_INCLUDE_IN_FRAMEWORK_HEADER = YES;
				CLANG_WARN_RANGE_LOOP_ANALYSIS = YES;
				CLANG_WARN_STRICT_PROTOTYPES = YES;
				CLANG_WARN_SUSPICIOUS_MOVE = YES;
				CLANG_WARN_UNGUARDED_AVAILABILITY = YES_AGGRESSIVE;
				CLANG_WARN_UNREACHABLE_CODE = YES;
				CLANG_WARN__DUPLICATE_METHOD_MATCH = YES;
				COPY_PHASE_STRIP = NO;
				CURRENT_PROJECT_VERSION = 1;
				DEBUG_INFORMATION_FORMAT = dwarf;
				ENABLE_STRICT_OBJC_MSGSEND = YES;
				ENABLE_TESTABILITY = YES;
				GCC_C_LANGUAGE_STANDARD = gnu11;
				GCC_DYNAMIC_NO_PIC = NO;
				GCC_NO_COMMON_BLOCKS = YES;
				GCC_OPTIMIZATION_LEVEL = 0;
				GCC_PREPROCESSOR_DEFINITIONS = (
					"DEBUG=1",
					"$(inherited)",
				);
				GCC_WARN_64_TO_32_BIT_CONVERSION = YES;
				GCC_WARN_ABOUT_RETURN_TYPE = YES_ERROR;
				GCC_WARN_UNDECLARED_SELECTOR = YES;
				GCC_WARN_UNINITIALIZED_AUTOS = YES_AGGRESSIVE;
				GCC_WARN_UNUSED_FUNCTION = YES;
				GCC_WARN_UNUSED_VARIABLE = YES;
				IPHONEOS_DEPLOYMENT_TARGET = 13.0;
				MTL_ENABLE_DEBUG_INFO = INCLUDE_SOURCE;
				MTL_FAST_MATH = YES;
				ONLY_ACTIVE_ARCH = YES;
				SDKROOT = iphoneos;
				SWIFT_ACTIVE_COMPILATION_CONDITIONS = DEBUG;
				SWIFT_OPTIMIZATION_LEVEL = "-Onone";
				VERSIONING_SYSTEM = "apple-generic";
				VERSION_INFO_PREFIX = "";
			};
			name = Debug;
		};
		E0F379ED2902133700240A50 /* Release */ = {
			isa = XCBuildConfiguration;
			buildSettings = {
				ALWAYS_SEARCH_USER_PATHS = NO;
				CLANG_ANALYZER_NONNULL = YES;
				CLANG_ANALYZER_NUMBER_OBJECT_CONVERSION = YES_AGGRESSIVE;
				CLANG_CXX_LANGUAGE_STANDARD = "gnu++20";
				CLANG_ENABLE_MODULES = YES;
				CLANG_ENABLE_OBJC_ARC = YES;
				CLANG_ENABLE_OBJC_WEAK = YES;
				CLANG_WARN_BLOCK_CAPTURE_AUTORELEASING = YES;
				CLANG_WARN_BOOL_CONVERSION = YES;
				CLANG_WARN_COMMA = YES;
				CLANG_WARN_CONSTANT_CONVERSION = YES;
				CLANG_WARN_DEPRECATED_OBJC_IMPLEMENTATIONS = YES;
				CLANG_WARN_DIRECT_OBJC_ISA_USAGE = YES_ERROR;
				CLANG_WARN_DOCUMENTATION_COMMENTS = YES;
				CLANG_WARN_EMPTY_BODY = YES;
				CLANG_WARN_ENUM_CONVERSION = YES;
				CLANG_WARN_INFINITE_RECURSION = YES;
				CLANG_WARN_INT_CONVERSION = YES;
				CLANG_WARN_NON_LITERAL_NULL_CONVERSION = YES;
				CLANG_WARN_OBJC_IMPLICIT_RETAIN_SELF = YES;
				CLANG_WARN_OBJC_LITERAL_CONVERSION = YES;
				CLANG_WARN_OBJC_ROOT_CLASS = YES_ERROR;
				CLANG_WARN_QUOTED_INCLUDE_IN_FRAMEWORK_HEADER = YES;
				CLANG_WARN_RANGE_LOOP_ANALYSIS = YES;
				CLANG_WARN_STRICT_PROTOTYPES = YES;
				CLANG_WARN_SUSPICIOUS_MOVE = YES;
				CLANG_WARN_UNGUARDED_AVAILABILITY = YES_AGGRESSIVE;
				CLANG_WARN_UNREACHABLE_CODE = YES;
				CLANG_WARN__DUPLICATE_METHOD_MATCH = YES;
				COPY_PHASE_STRIP = NO;
				CURRENT_PROJECT_VERSION = 1;
				DEBUG_INFORMATION_FORMAT = "dwarf-with-dsym";
				ENABLE_NS_ASSERTIONS = NO;
				ENABLE_STRICT_OBJC_MSGSEND = YES;
				GCC_C_LANGUAGE_STANDARD = gnu11;
				GCC_NO_COMMON_BLOCKS = YES;
				GCC_WARN_64_TO_32_BIT_CONVERSION = YES;
				GCC_WARN_ABOUT_RETURN_TYPE = YES_ERROR;
				GCC_WARN_UNDECLARED_SELECTOR = YES;
				GCC_WARN_UNINITIALIZED_AUTOS = YES_AGGRESSIVE;
				GCC_WARN_UNUSED_FUNCTION = YES;
				GCC_WARN_UNUSED_VARIABLE = YES;
				IPHONEOS_DEPLOYMENT_TARGET = 13.0;
				MTL_ENABLE_DEBUG_INFO = NO;
				MTL_FAST_MATH = YES;
				SDKROOT = iphoneos;
				SWIFT_COMPILATION_MODE = wholemodule;
				SWIFT_OPTIMIZATION_LEVEL = "-O";
				VALIDATE_PRODUCT = YES;
				VERSIONING_SYSTEM = "apple-generic";
				VERSION_INFO_PREFIX = "";
			};
			name = Release;
		};
		E0F379EF2902133700240A50 /* Debug */ = {
			isa = XCBuildConfiguration;
			baseConfigurationReference = 63995D823FB09787CAB27D0C /* Pods-CoreExtension.debug.xcconfig */;
			buildSettings = {
				CODE_SIGN_IDENTITY = "Apple Development";
				CODE_SIGN_STYLE = Automatic;
				CURRENT_PROJECT_VERSION = 1;
				DEFINES_MODULE = YES;
				DEVELOPMENT_TEAM = 5NDD3U2V39;
				DYLIB_COMPATIBILITY_VERSION = 1;
				DYLIB_CURRENT_VERSION = 0.0.3;
				DYLIB_INSTALL_NAME_BASE = "@rpath";
				GENERATE_INFOPLIST_FILE = YES;
				INFOPLIST_KEY_NSHumanReadableCopyright = "";
				INSTALL_PATH = "$(LOCAL_LIBRARY_DIR)/Frameworks";
				IPHONEOS_DEPLOYMENT_TARGET = 13.0;
				LD_RUNPATH_SEARCH_PATHS = (
					"$(inherited)",
					"@executable_path/Frameworks",
					"@loader_path/Frameworks",
				);
				MARKETING_VERSION = 0.0.3;
				PRODUCT_BUNDLE_IDENTIFIER = xyz.lazyman.CoreExtension;
				PRODUCT_NAME = "$(TARGET_NAME:c99extidentifier)";
				SKIP_INSTALL = YES;
				SWIFT_EMIT_LOC_STRINGS = YES;
				SWIFT_VERSION = 5.0;
				TARGETED_DEVICE_FAMILY = "1,2";
			};
			name = Debug;
		};
		E0F379F02902133700240A50 /* Release */ = {
			isa = XCBuildConfiguration;
			baseConfigurationReference = 794D2B3AD0B4DABAF1EED9BE /* Pods-CoreExtension.release.xcconfig */;
			buildSettings = {
				CODE_SIGN_IDENTITY = "Apple Development";
				CODE_SIGN_STYLE = Automatic;
				CURRENT_PROJECT_VERSION = 1;
				DEFINES_MODULE = YES;
				DEVELOPMENT_TEAM = 5NDD3U2V39;
				DYLIB_COMPATIBILITY_VERSION = 1;
				DYLIB_CURRENT_VERSION = 0.0.3;
				DYLIB_INSTALL_NAME_BASE = "@rpath";
				GENERATE_INFOPLIST_FILE = YES;
				INFOPLIST_KEY_NSHumanReadableCopyright = "";
				INSTALL_PATH = "$(LOCAL_LIBRARY_DIR)/Frameworks";
				IPHONEOS_DEPLOYMENT_TARGET = 13.0;
				LD_RUNPATH_SEARCH_PATHS = (
					"$(inherited)",
					"@executable_path/Frameworks",
					"@loader_path/Frameworks",
				);
				MARKETING_VERSION = 0.0.3;
				PRODUCT_BUNDLE_IDENTIFIER = xyz.lazyman.CoreExtension;
				PRODUCT_NAME = "$(TARGET_NAME:c99extidentifier)";
				SKIP_INSTALL = YES;
				SWIFT_EMIT_LOC_STRINGS = YES;
				SWIFT_VERSION = 5.0;
				TARGETED_DEVICE_FAMILY = "1,2";
			};
			name = Release;
		};
		E0F379F22902133700240A50 /* Debug */ = {
			isa = XCBuildConfiguration;
			baseConfigurationReference = 987B627301BB68ABFC1669D0 /* Pods-CoreExtension-CoreExtensionTests.debug.xcconfig */;
			buildSettings = {
				ALWAYS_EMBED_SWIFT_STANDARD_LIBRARIES = YES;
				CODE_SIGN_STYLE = Automatic;
				CURRENT_PROJECT_VERSION = 1;
				GENERATE_INFOPLIST_FILE = YES;
				IPHONEOS_DEPLOYMENT_TARGET = 13.0;
				MARKETING_VERSION = 1.0;
				PRODUCT_BUNDLE_IDENTIFIER = xyz.lazyman.CoreExtensionTests;
				PRODUCT_NAME = "$(TARGET_NAME)";
				SWIFT_EMIT_LOC_STRINGS = NO;
				SWIFT_VERSION = 5.0;
				TARGETED_DEVICE_FAMILY = "1,2";
			};
			name = Debug;
		};
		E0F379F32902133700240A50 /* Release */ = {
			isa = XCBuildConfiguration;
			baseConfigurationReference = FB332BD2C54AC9EF0DF60C2A /* Pods-CoreExtension-CoreExtensionTests.release.xcconfig */;
			buildSettings = {
				ALWAYS_EMBED_SWIFT_STANDARD_LIBRARIES = YES;
				CODE_SIGN_STYLE = Automatic;
				CURRENT_PROJECT_VERSION = 1;
				GENERATE_INFOPLIST_FILE = YES;
				IPHONEOS_DEPLOYMENT_TARGET = 13.0;
				MARKETING_VERSION = 1.0;
				PRODUCT_BUNDLE_IDENTIFIER = xyz.lazyman.CoreExtensionTests;
				PRODUCT_NAME = "$(TARGET_NAME)";
				SWIFT_EMIT_LOC_STRINGS = NO;
				SWIFT_VERSION = 5.0;
				TARGETED_DEVICE_FAMILY = "1,2";
			};
			name = Release;
		};
		E0F37A0D29021D5100240A50 /* Debug */ = {
			isa = XCBuildConfiguration;
			baseConfigurationReference = 1C71A44DE8BB466F168F857B /* Pods-Example.debug.xcconfig */;
			buildSettings = {
				ASSETCATALOG_COMPILER_APPICON_NAME = AppIcon;
				ASSETCATALOG_COMPILER_GLOBAL_ACCENT_COLOR_NAME = AccentColor;
				CODE_SIGN_STYLE = Automatic;
				CURRENT_PROJECT_VERSION = 1;
				GENERATE_INFOPLIST_FILE = YES;
				INFOPLIST_FILE = Example/Info.plist;
				INFOPLIST_KEY_UIApplicationSupportsIndirectInputEvents = YES;
				INFOPLIST_KEY_UILaunchStoryboardName = LaunchScreen;
				INFOPLIST_KEY_UIMainStoryboardFile = Main;
				INFOPLIST_KEY_UISupportedInterfaceOrientations_iPad = "UIInterfaceOrientationPortrait UIInterfaceOrientationPortraitUpsideDown UIInterfaceOrientationLandscapeLeft UIInterfaceOrientationLandscapeRight";
				INFOPLIST_KEY_UISupportedInterfaceOrientations_iPhone = "UIInterfaceOrientationPortrait UIInterfaceOrientationLandscapeLeft UIInterfaceOrientationLandscapeRight";
				IPHONEOS_DEPLOYMENT_TARGET = 13.0;
				LD_RUNPATH_SEARCH_PATHS = (
					"$(inherited)",
					"@executable_path/Frameworks",
				);
				MARKETING_VERSION = 1.0;
				PRODUCT_BUNDLE_IDENTIFIER = xyz.lazyman.Example;
				PRODUCT_NAME = "$(TARGET_NAME)";
				SWIFT_EMIT_LOC_STRINGS = YES;
				SWIFT_VERSION = 5.0;
				TARGETED_DEVICE_FAMILY = "1,2";
			};
			name = Debug;
		};
		E0F37A0E29021D5100240A50 /* Release */ = {
			isa = XCBuildConfiguration;
			baseConfigurationReference = FA24D77E1A85A6912CDD9DB7 /* Pods-Example.release.xcconfig */;
			buildSettings = {
				ASSETCATALOG_COMPILER_APPICON_NAME = AppIcon;
				ASSETCATALOG_COMPILER_GLOBAL_ACCENT_COLOR_NAME = AccentColor;
				CODE_SIGN_STYLE = Automatic;
				CURRENT_PROJECT_VERSION = 1;
				GENERATE_INFOPLIST_FILE = YES;
				INFOPLIST_FILE = Example/Info.plist;
				INFOPLIST_KEY_UIApplicationSupportsIndirectInputEvents = YES;
				INFOPLIST_KEY_UILaunchStoryboardName = LaunchScreen;
				INFOPLIST_KEY_UIMainStoryboardFile = Main;
				INFOPLIST_KEY_UISupportedInterfaceOrientations_iPad = "UIInterfaceOrientationPortrait UIInterfaceOrientationPortraitUpsideDown UIInterfaceOrientationLandscapeLeft UIInterfaceOrientationLandscapeRight";
				INFOPLIST_KEY_UISupportedInterfaceOrientations_iPhone = "UIInterfaceOrientationPortrait UIInterfaceOrientationLandscapeLeft UIInterfaceOrientationLandscapeRight";
				IPHONEOS_DEPLOYMENT_TARGET = 13.0;
				LD_RUNPATH_SEARCH_PATHS = (
					"$(inherited)",
					"@executable_path/Frameworks",
				);
				MARKETING_VERSION = 1.0;
				PRODUCT_BUNDLE_IDENTIFIER = xyz.lazyman.Example;
				PRODUCT_NAME = "$(TARGET_NAME)";
				SWIFT_EMIT_LOC_STRINGS = YES;
				SWIFT_VERSION = 5.0;
				TARGETED_DEVICE_FAMILY = "1,2";
			};
			name = Release;
		};
/* End XCBuildConfiguration section */

/* Begin XCConfigurationList section */
		E0F379D42902133600240A50 /* Build configuration list for PBXProject "CoreExtension" */ = {
			isa = XCConfigurationList;
			buildConfigurations = (
				E0F379EC2902133700240A50 /* Debug */,
				E0F379ED2902133700240A50 /* Release */,
			);
			defaultConfigurationIsVisible = 0;
			defaultConfigurationName = Release;
		};
		E0F379EE2902133700240A50 /* Build configuration list for PBXNativeTarget "CoreExtension" */ = {
			isa = XCConfigurationList;
			buildConfigurations = (
				E0F379EF2902133700240A50 /* Debug */,
				E0F379F02902133700240A50 /* Release */,
			);
			defaultConfigurationIsVisible = 0;
			defaultConfigurationName = Release;
		};
		E0F379F12902133700240A50 /* Build configuration list for PBXNativeTarget "CoreExtensionTests" */ = {
			isa = XCConfigurationList;
			buildConfigurations = (
				E0F379F22902133700240A50 /* Debug */,
				E0F379F32902133700240A50 /* Release */,
			);
			defaultConfigurationIsVisible = 0;
			defaultConfigurationName = Release;
		};
		E0F37A0C29021D5100240A50 /* Build configuration list for PBXNativeTarget "Example" */ = {
			isa = XCConfigurationList;
			buildConfigurations = (
				E0F37A0D29021D5100240A50 /* Debug */,
				E0F37A0E29021D5100240A50 /* Release */,
			);
			defaultConfigurationIsVisible = 0;
			defaultConfigurationName = Release;
		};
/* End XCConfigurationList section */
	};
	rootObject = E0F379D12902133600240A50 /* Project object */;
}
